# THIS IS AN AUTOGENERATED FILE. DO NOT EDIT THIS FILE DIRECTLY.
# yarn lockfile v1


"@actions/core@^1.9.1":
  "integrity" "sha512-5ad+U2YGrmmiw6du20AQW5XuWo7UKN2052FjSV7MX+Wfjf8sCqcsZe62NfgHys4QI4/Y+vQvLKYL8jWtA1ZBTA=="
  "resolved" "https://registry.npmjs.org/@actions/core/-/core-1.9.1.tgz"
  "version" "1.9.1"
  dependencies:
    "@actions/http-client" "^2.0.1"
    "uuid" "^8.3.2"

"@actions/exec@^1.1.1":
  "integrity" "sha512-+sCcHHbVdk93a0XT19ECtO/gIXoxvdsgQLzb2fE2/5sIZmWQuluYyjPQtrtTHdU1YzTZ7bAPN4sITq2xi1679w=="
  "resolved" "https://registry.npmjs.org/@actions/exec/-/exec-1.1.1.tgz"
  "version" "1.1.1"
  dependencies:
    "@actions/io" "^1.0.1"

"@actions/http-client@^2.0.1":
  "integrity" "sha512-PIXiMVtz6VvyaRsGY268qvj57hXQEpsYogYOu2nrQhlf+XCGmZstmuZBbAybUl1nQGnvS1k1eEsQ69ZoD7xlSw=="
  "resolved" "https://registry.npmjs.org/@actions/http-client/-/http-client-2.0.1.tgz"
  "version" "2.0.1"
  dependencies:
    "tunnel" "^0.0.6"

"@actions/io@^1.0.1":
  "integrity" "sha512-d+RwPlMp+2qmBfeLYPLXuSRykDIFEwdTA0MMxzS9kh4kvP1ftrc/9fzy6pX6qAjthdXruHQ6/6kjT/DNo5ALuw=="
  "resolved" "https://registry.npmjs.org/@actions/io/-/io-1.1.2.tgz"
  "version" "1.1.2"

"@types/node@^18.7.15":
  "integrity" "sha512-XnjpaI8Bgc3eBag2Aw4t2Uj/49lLBSStHWfqKvIuXD7FIrZyMLWp8KuAFHAqxMZYTF9l08N1ctUn9YNybZJVmQ=="
  "resolved" "https://registry.npmjs.org/@types/node/-/node-18.7.15.tgz"
  "version" "18.7.15"

"cross-spawn@^7.0.3":
  "integrity" "sha512-iRDPJKUPVEND7dHPO8rkbOnPpyDygcDFtWjpeWNCgy8WP2rXcxXL8TskReQl6OrB2G7+UJrags1q15Fudc7G6w=="
  "resolved" "https://registry.npmjs.org/cross-spawn/-/cross-spawn-7.0.3.tgz"
  "version" "7.0.3"
  dependencies:
    "path-key" "^3.1.0"
    "shebang-command" "^2.0.0"
    "which" "^2.0.1"

"destr@^1.2.1":
  "integrity" "sha512-ud8w0qMLlci6iFG7CNgeRr8OcbUWMsbfjtWft1eJ5Luqrz/M8Ebqk/KCzne8rKUlIQWWfLv0wD6QHrqOf4GshA=="
  "resolved" "https://registry.npmjs.org/destr/-/destr-1.2.1.tgz"
  "version" "1.2.1"

"esbuild-linux-64@0.15.7":
  "integrity" "sha512-LxXEfLAKwOVmm1yecpMmWERBshl+Kv5YJ/1KnyAr6HRHFW8cxOEsEfisD3sVl/RvHyW//lhYUVSuy9jGEfIRAQ=="
  "resolved" "https://registry.npmjs.org/esbuild-linux-64/-/esbuild-linux-64-0.15.7.tgz"
  "version" "0.15.7"

"esbuild@^0.15.7":
  "integrity" "sha512-7V8tzllIbAQV1M4QoE52ImKu8hT/NLGlGXkiDsbEU5PS6K8Mn09ZnYoS+dcmHxOS9CRsV4IRAMdT3I67IyUNXw=="
  "resolved" "https://registry.npmjs.org/esbuild/-/esbuild-0.15.7.tgz"
  "version" "0.15.7"
  optionalDependencies:
    "@esbuild/linux-loong64" "0.15.7"
    "esbuild-android-64" "0.15.7"
    "esbuild-android-arm64" "0.15.7"
    "esbuild-darwin-64" "0.15.7"
    "esbuild-darwin-arm64" "0.15.7"
    "esbuild-freebsd-64" "0.15.7"
    "esbuild-freebsd-arm64" "0.15.7"
    "esbuild-linux-32" "0.15.7"
    "esbuild-linux-64" "0.15.7"
    "esbuild-linux-arm" "0.15.7"
    "esbuild-linux-arm64" "0.15.7"
    "esbuild-linux-mips64le" "0.15.7"
    "esbuild-linux-ppc64le" "0.15.7"
    "esbuild-linux-riscv64" "0.15.7"
    "esbuild-linux-s390x" "0.15.7"
    "esbuild-netbsd-64" "0.15.7"
    "esbuild-openbsd-64" "0.15.7"
    "esbuild-sunos-64" "0.15.7"
    "esbuild-windows-32" "0.15.7"
    "esbuild-windows-64" "0.15.7"
    "esbuild-windows-arm64" "0.15.7"

"execa@^6.1.0":
  "integrity" "sha512-QVWlX2e50heYJcCPG0iWtf8r0xjEYfz/OYLGDYH+IyjWezzPNxz63qNFOu0l4YftGWuizFVZHHs8PrLU5p2IDA=="
  "resolved" "https://registry.npmjs.org/execa/-/execa-6.1.0.tgz"
  "version" "6.1.0"
  dependencies:
    "cross-spawn" "^7.0.3"
    "get-stream" "^6.0.1"
    "human-signals" "^3.0.1"
    "is-stream" "^3.0.0"
    "merge-stream" "^2.0.0"
    "npm-run-path" "^5.1.0"
    "onetime" "^6.0.0"
    "signal-exit" "^3.0.7"
    "strip-final-newline" "^3.0.0"

"get-file-object-from-local-path@^1.0.2":
  "integrity" "sha512-gTOXvcQkzj5kDtLj4ELMYWWbuy+ufMf/c47q4yQ0JsHGaOrtq3lC5koM0hHkeUoSGkezVUb86zAERDpZi9aaXA=="
  "resolved" "https://registry.npmjs.org/get-file-object-from-local-path/-/get-file-object-from-local-path-1.0.2.tgz"
  "version" "1.0.2"
  dependencies:
    "mime-types" "^2.1.28"

"get-stream@^6.0.1":
  "integrity" "sha512-ts6Wi+2j3jQjqi70w5AlN8DFnkSwC+MqmxEzdEALB2qXZYV3X/b1CTfgPLGJNMeAWxdPfU8FO1ms3NUfaHCPYg=="
  "resolved" "https://registry.npmjs.org/get-stream/-/get-stream-6.0.1.tgz"
  "version" "6.0.1"

"human-signals@^3.0.1":
  "integrity" "sha512-rQLskxnM/5OCldHo+wNXbpVgDn5A17CUoKX+7Sokwaknlq7CdSnphy0W39GU8dw59XiCXmFXDg4fRuckQRKewQ=="
  "resolved" "https://registry.npmjs.org/human-signals/-/human-signals-3.0.1.tgz"
  "version" "3.0.1"

"is-stream@^3.0.0":
  "integrity" "sha512-LnQR4bZ9IADDRSkvpqMGvt/tEJWclzklNgSw48V5EAaAeDd6qGvN8ei6k5p0tvxSR171VmGyHuTiAOfxAbr8kA=="
  "resolved" "https://registry.npmjs.org/is-stream/-/is-stream-3.0.0.tgz"
  "version" "3.0.0"

"isexe@^2.0.0":
  "integrity" "sha512-RHxMLp9lnKHGHRng9QFhRCMbYAcVpn69smSGcq3f36xjgVVWThj4qqLbTLlq7Ssj8B+fIQ1EuCEGI2lKsyQeIw=="
  "resolved" "https://registry.npmjs.org/isexe/-/isexe-2.0.0.tgz"
  "version" "2.0.0"

"kleur@^4.1.5":
  "integrity" "sha512-o+NO+8WrRiQEE4/7nwRJhN1HWpVmJm511pBHUxPLtp0BUISzlBplORYSmTclCnJvQq2tKu/sgl3xVpkc7ZWuQQ=="
  "resolved" "https://registry.npmjs.org/kleur/-/kleur-4.1.5.tgz"
  "version" "4.1.5"

"merge-stream@^2.0.0":
  "integrity" "sha512-abv/qOcuPfk3URPfDzmZU1LKmuw8kT+0nIHvKrKgFrwifol/doWcdA4ZqsWQ8ENrFKkd67Mfpo/LovbIUsbt3w=="
  "resolved" "https://registry.npmjs.org/merge-stream/-/merge-stream-2.0.0.tgz"
  "version" "2.0.0"

"mime-db@1.52.0":
  "integrity" "sha512-sPU4uV7dYlvtWJxwwxHD0PuihVNiE7TyAbQ5SWxDCB9mUYvOgroQOwYQQOKPJ8CIbE+1ETVlOoK1UC2nU3gYvg=="
  "resolved" "https://registry.npmjs.org/mime-db/-/mime-db-1.52.0.tgz"
  "version" "1.52.0"

"mime-types@^2.1.28":
  "integrity" "sha512-ZDY+bPm5zTTF+YpCrAU9nK0UgICYPT0QtT1NZWFv4s++TNkcgVaT0g6+4R2uI4MjQjzysHB1zxuWL50hzaeXiw=="
  "resolved" "https://registry.npmjs.org/mime-types/-/mime-types-2.1.35.tgz"
  "version" "2.1.35"
  dependencies:
    "mime-db" "1.52.0"

"mimic-fn@^4.0.0":
  "integrity" "sha512-vqiC06CuhBTUdZH+RYl8sFrL096vA45Ok5ISO6sE/Mr1jRbGH4Csnhi8f3wKVl7x8mO4Au7Ir9D3Oyv1VYMFJw=="
  "resolved" "https://registry.npmjs.org/mimic-fn/-/mimic-fn-4.0.0.tgz"
  "version" "4.0.0"

"node-fetch-native@^1.0.1":
  "integrity" "sha512-VzW+TAk2wE4X9maiKMlT+GsPU4OMmR1U9CrHSmd3DFLn2IcZ9VJ6M6BBugGfYUnPCLSYxXdZy17M0BEJyhUTwg=="
  "resolved" "https://registry.npmjs.org/node-fetch-native/-/node-fetch-native-1.0.1.tgz"
  "version" "1.0.1"

"npm-run-path@^5.1.0":
  "integrity" "sha512-sJOdmRGrY2sjNTRMbSvluQqg+8X7ZK61yvzBEIDhz4f8z1TZFYABsqjjCBd/0PUNE9M6QDgHJXQkGUEm7Q+l9Q=="
  "resolved" "https://registry.npmjs.org/npm-run-path/-/npm-run-path-5.1.0.tgz"
  "version" "5.1.0"
  dependencies:
    "path-key" "^4.0.0"

"ofetch@^1.0.0":
  "integrity" "sha512-d40aof8czZFSQKJa4+F7Ch3UC5D631cK1TTUoK+iNEut9NoiCL+u0vykl/puYVUS2df4tIQl5upQcolIcEzQjQ=="
  "resolved" "https://registry.npmjs.org/ofetch/-/ofetch-1.0.0.tgz"
  "version" "1.0.0"
  dependencies:
    "destr" "^1.2.1"
    "node-fetch-native" "^1.0.1"
    "ufo" "^1.0.0"

"onetime@^6.0.0":
  "integrity" "sha512-1FlR+gjXK7X+AsAHso35MnyN5KqGwJRi/31ft6x0M194ht7S+rWAvd7PHss9xSKMzE0asv1pyIHaJYq+BbacAQ=="
  "resolved" "https://registry.npmjs.org/onetime/-/onetime-6.0.0.tgz"
  "version" "6.0.0"
  dependencies:
    "mimic-fn" "^4.0.0"

"path-key@^3.1.0":
  "integrity" "sha512-ojmeN0qd+y0jszEtoY48r0Peq5dwMEkIlCOu6Q5f41lfkswXuKtYrhgoTpLnyIcHm24Uhqx+5Tqm2InSwLhE6Q=="
  "resolved" "https://registry.npmjs.org/path-key/-/path-key-3.1.1.tgz"
  "version" "3.1.1"

"path-key@^4.0.0":
  "integrity" "sha512-haREypq7xkM7ErfgIyA0z+Bj4AGKlMSdlQE2jvJo6huWD1EdkKYV+G/T4nq0YEF2vgTT8kqMFKo1uHn950r4SQ=="
  "resolved" "https://registry.npmjs.org/path-key/-/path-key-4.0.0.tgz"
  "version" "4.0.0"

"shebang-command@^2.0.0":
  "integrity" "sha512-kHxr2zZpYtdmrN1qDjrrX/Z1rR1kG8Dx+gkpK1G4eXmvXswmcE1hTWBWYUzlraYw1/yZp6YuDY77YtvbN0dmDA=="
  "resolved" "https://registry.npmjs.org/shebang-command/-/shebang-command-2.0.0.tgz"
  "version" "2.0.0"
  dependencies:
    "shebang-regex" "^3.0.0"

"shebang-regex@^3.0.0":
  "integrity" "sha512-7++dFhtcx3353uBaq8DDR4NuxBetBzC7ZQOhmTQInHEd6bSrXdiEyzCvG07Z44UYdLShWUyXt5M/yhz8ekcb1A=="
  "resolved" "https://registry.npmjs.org/shebang-regex/-/shebang-regex-3.0.0.tgz"
  "version" "3.0.0"

"signal-exit@^3.0.7":
  "integrity" "sha512-wnD2ZE+l+SPC/uoS0vXeE9L1+0wuaMqKlfz9AMUo38JsyLSBWSFcHR1Rri62LZc12vLr1gb3jl7iwQhgwpAbGQ=="
  "resolved" "https://registry.npmjs.org/signal-exit/-/signal-exit-3.0.7.tgz"
  "version" "3.0.7"

"strip-final-newline@^3.0.0":
  "integrity" "sha512-dOESqjYr96iWYylGObzd39EuNTa5VJxyvVAEm5Jnh7KGo75V43Hk1odPQkNDyXNmUR6k+gEiDVXnjB8HJ3crXw=="
  "resolved" "https://registry.npmjs.org/strip-final-newline/-/strip-final-newline-3.0.0.tgz"
  "version" "3.0.0"

"tunnel@^0.0.6":
  "integrity" "sha512-1h/Lnq9yajKY2PEbBadPXj3VxsDDu844OnaAo52UVmIzIvwwtBPIuNvkjuzBlTWpfJyUbG3ez0KSBibQkj4ojg=="
  "resolved" "https://registry.npmjs.org/tunnel/-/tunnel-0.0.6.tgz"
  "version" "0.0.6"

"typescript@^4.8.2":
  "integrity" "sha512-C0I1UsrrDHo2fYI5oaCGbSejwX4ch+9Y5jTQELvovfmFkK3HHSZJB8MSJcWLmCUBzQBchCrZ9rMRV6GuNrvGtw=="
  "resolved" "https://registry.npmjs.org/typescript/-/typescript-4.8.2.tgz"
  "version" "4.8.2"

"ufo@^1.0.0":
  "integrity" "sha512-DRty0ZBNlJ2R59y4mEupJRKLbkLQsc4qtxjpQv78AwEDuBkaUogMc2LkeqW3HddFlw6NwnXYfdThEZOiNgkmmQ=="
  "resolved" "https://registry.npmjs.org/ufo/-/ufo-1.0.0.tgz"
  "version" "1.0.0"

"uuid@^8.3.2":
  "integrity" "sha512-+NYs2QeMWy+GWFOEm9xnn6HCDp0l7QBD7ml8zLUmJ+93Q5NF0NocErnwkTkXVFNiX3/fpC6afS8Dhb/gz7R7eg=="
  "resolved" "https://registry.npmjs.org/uuid/-/uuid-8.3.2.tgz"
  "version" "8.3.2"

"which@^2.0.1":
  "integrity" "sha512-BLI3Tl1TW3Pvl70l3yq3Y64i+awpwXqsGBYWkkqMtnbXgrMD+yj7rhW0kuEDxzJaYXGjEW5ogapKNMEKNMjibA=="
  "resolved" "https://registry.npmjs.org/which/-/which-2.0.2.tgz"
  "version" "2.0.2"
  dependencies:
    "isexe" "^2.0.0"
