# THIS IS AN AUTOGENERATED FILE. DO NOT EDIT THIS FILE DIRECTLY.
# yarn lockfile v1


"@actions/core@^1.9.1":
  version "1.9.1"
  resolved "https://registry.npmjs.org/@actions/core/-/core-1.9.1.tgz"
  dependencies:
    "@actions/http-client" "^2.0.1"
    uuid "^8.3.2"

"@actions/exec@^1.1.1":
  version "1.1.1"
  resolved "https://registry.npmjs.org/@actions/exec/-/exec-1.1.1.tgz"
  dependencies:
    "@actions/io" "^1.0.1"

"@actions/http-client@^2.0.1":
  version "2.0.1"
  resolved "https://registry.npmjs.org/@actions/http-client/-/http-client-2.0.1.tgz"
  dependencies:
    tunnel "^0.0.6"

"@actions/io@^1.0.1":
  version "1.1.2"
  resolved "https://registry.npmjs.org/@actions/io/-/io-1.1.2.tgz"

"@esbuild/android-arm64@0.17.10":
  version "0.17.10"
  resolved "https://registry.yarnpkg.com/@esbuild/android-arm64/-/android-arm64-0.17.10.tgz#ad2ee47dd021035abdfb0c38848ff77a1e1918c4"

"@esbuild/android-arm@0.17.10":
  version "0.17.10"
  resolved "https://registry.yarnpkg.com/@esbuild/android-arm/-/android-arm-0.17.10.tgz#bb5a68af8adeb94b30eadee7307404dc5237d076"

"@esbuild/android-x64@0.17.10":
  version "0.17.10"
  resolved "https://registry.yarnpkg.com/@esbuild/android-x64/-/android-x64-0.17.10.tgz#751d5d8ae9ece1efa9627b689c888eb85b102360"

"@esbuild/darwin-arm64@0.17.10":
  version "0.17.10"
  resolved "https://registry.yarnpkg.com/@esbuild/darwin-arm64/-/darwin-arm64-0.17.10.tgz#85601ee7efb2129cd3218d5bcbe8da1173bc1e8b"

"@esbuild/darwin-x64@0.17.10":
  version "0.17.10"
  resolved "https://registry.yarnpkg.com/@esbuild/darwin-x64/-/darwin-x64-0.17.10.tgz#362c7e988c61fe72d5edef4f717e4b4fc728da98"

"@esbuild/freebsd-arm64@0.17.10":
  version "0.17.10"
  resolved "https://registry.yarnpkg.com/@esbuild/freebsd-arm64/-/freebsd-arm64-0.17.10.tgz#e8a85a46ede7c3a048a12f16b9d551d25adc8bb1"

"@esbuild/freebsd-x64@0.17.10":
  version "0.17.10"
  resolved "https://registry.yarnpkg.com/@esbuild/freebsd-x64/-/freebsd-x64-0.17.10.tgz#cd0a1b68bffbcb5b65e65b3fd542e8c7c3edd86b"

"@esbuild/linux-arm64@0.17.10":
  version "0.17.10"
  resolved "https://registry.yarnpkg.com/@esbuild/linux-arm64/-/linux-arm64-0.17.10.tgz#13b183f432512ed9d9281cc89476caeebe9e9123"

"@esbuild/linux-arm@0.17.10":
  version "0.17.10"
  resolved "https://registry.yarnpkg.com/@esbuild/linux-arm/-/linux-arm-0.17.10.tgz#dd11e0a5faa3ea94dc80278a601c3be7b4fdf1da"

"@esbuild/linux-ia32@0.17.10":
  version "0.17.10"
  resolved "https://registry.yarnpkg.com/@esbuild/linux-ia32/-/linux-ia32-0.17.10.tgz#4d836f87b92807d9292379963c4888270d282405"

"@esbuild/linux-loong64@0.17.10":
  version "0.17.10"
  resolved "https://registry.yarnpkg.com/@esbuild/linux-loong64/-/linux-loong64-0.17.10.tgz#92eb2ee200c17ef12c7fb3b648231948699e7a4c"

"@esbuild/linux-mips64el@0.17.10":
  version "0.17.10"
  resolved "https://registry.yarnpkg.com/@esbuild/linux-mips64el/-/linux-mips64el-0.17.10.tgz#14f7d50c40fe7f7ee545a9bd07c6f6e4cba5570e"

"@esbuild/linux-ppc64@0.17.10":
  version "0.17.10"
  resolved "https://registry.yarnpkg.com/@esbuild/linux-ppc64/-/linux-ppc64-0.17.10.tgz#1ab5802e93ae511ce9783e1cb95f37df0f84c4af"

"@esbuild/linux-riscv64@0.17.10":
  version "0.17.10"
  resolved "https://registry.yarnpkg.com/@esbuild/linux-riscv64/-/linux-riscv64-0.17.10.tgz#4fae25201ef7ad868731d16c8b50b0e386c4774a"

"@esbuild/linux-s390x@0.17.10":
  version "0.17.10"
  resolved "https://registry.yarnpkg.com/@esbuild/linux-s390x/-/linux-s390x-0.17.10.tgz#126254d8335bb3586918b1ca60beb4abb46e6d54"

"@esbuild/linux-x64@0.17.10":
  version "0.17.10"
  resolved "https://registry.yarnpkg.com/@esbuild/linux-x64/-/linux-x64-0.17.10.tgz#7fa4667b2df81ea0538e1b75e607cf04e526ce91"

"@esbuild/netbsd-x64@0.17.10":
  version "0.17.10"
  resolved "https://registry.yarnpkg.com/@esbuild/netbsd-x64/-/netbsd-x64-0.17.10.tgz#2d24727ddc2305619685bf237a46d6087a02ee9a"

"@esbuild/openbsd-x64@0.17.10":
  version "0.17.10"
  resolved "https://registry.yarnpkg.com/@esbuild/openbsd-x64/-/openbsd-x64-0.17.10.tgz#bf3fc38ee6ecf028c1f0cfe11f61d53cc75fef12"

"@esbuild/sunos-x64@0.17.10":
  version "0.17.10"
  resolved "https://registry.yarnpkg.com/@esbuild/sunos-x64/-/sunos-x64-0.17.10.tgz#8deabd6dfec6256f80bb101bc59d29dbae99c69b"

"@esbuild/win32-arm64@0.17.10":
  version "0.17.10"
  resolved "https://registry.yarnpkg.com/@esbuild/win32-arm64/-/win32-arm64-0.17.10.tgz#1ec1ee04c788c4c57a83370b6abf79587b3e4965"

"@esbuild/win32-ia32@0.17.10":
  version "0.17.10"
  resolved "https://registry.yarnpkg.com/@esbuild/win32-ia32/-/win32-ia32-0.17.10.tgz#a362528d7f3ad5d44fa8710a96764677ef92ebe9"

"@esbuild/win32-x64@0.17.10":
  version "0.17.10"
  resolved "https://registry.yarnpkg.com/@esbuild/win32-x64/-/win32-x64-0.17.10.tgz#ac779220f2da96afd480fb3f3148a292f66e7fc3"

"@types/node@^18.7.15":
  version "18.7.15"
  resolved "https://registry.npmjs.org/@types/node/-/node-18.7.15.tgz"

cross-spawn@^7.0.3:
  version "7.0.3"
  resolved "https://registry.npmjs.org/cross-spawn/-/cross-spawn-7.0.3.tgz"
  dependencies:
    path-key "^3.1.0"
    shebang-command "^2.0.0"
    which "^2.0.1"

destr@^1.2.1:
  version "1.2.1"
  resolved "https://registry.npmjs.org/destr/-/destr-1.2.1.tgz"

esbuild@^0.17.10:
  version "0.17.10"
  resolved "https://registry.yarnpkg.com/esbuild/-/esbuild-0.17.10.tgz#3be050561b34c5dc05b46978f4e1f326d5cc9437"
  optionalDependencies:
    "@esbuild/android-arm" "0.17.10"
    "@esbuild/android-arm64" "0.17.10"
    "@esbuild/android-x64" "0.17.10"
    "@esbuild/darwin-arm64" "0.17.10"
    "@esbuild/darwin-x64" "0.17.10"
    "@esbuild/freebsd-arm64" "0.17.10"
    "@esbuild/freebsd-x64" "0.17.10"
    "@esbuild/linux-arm" "0.17.10"
    "@esbuild/linux-arm64" "0.17.10"
    "@esbuild/linux-ia32" "0.17.10"
    "@esbuild/linux-loong64" "0.17.10"
    "@esbuild/linux-mips64el" "0.17.10"
    "@esbuild/linux-ppc64" "0.17.10"
    "@esbuild/linux-riscv64" "0.17.10"
    "@esbuild/linux-s390x" "0.17.10"
    "@esbuild/linux-x64" "0.17.10"
    "@esbuild/netbsd-x64" "0.17.10"
    "@esbuild/openbsd-x64" "0.17.10"
    "@esbuild/sunos-x64" "0.17.10"
    "@esbuild/win32-arm64" "0.17.10"
    "@esbuild/win32-ia32" "0.17.10"
    "@esbuild/win32-x64" "0.17.10"

execa@^6.1.0:
  version "6.1.0"
  resolved "https://registry.npmjs.org/execa/-/execa-6.1.0.tgz"
  dependencies:
    cross-spawn "^7.0.3"
    get-stream "^6.0.1"
    human-signals "^3.0.1"
    is-stream "^3.0.0"
    merge-stream "^2.0.0"
    npm-run-path "^5.1.0"
    onetime "^6.0.0"
    signal-exit "^3.0.7"
    strip-final-newline "^3.0.0"

get-file-object-from-local-path@^1.0.2:
  version "1.0.2"
  resolved "https://registry.npmjs.org/get-file-object-from-local-path/-/get-file-object-from-local-path-1.0.2.tgz"
  dependencies:
    mime-types "^2.1.28"

get-stream@^6.0.1:
  version "6.0.1"
  resolved "https://registry.npmjs.org/get-stream/-/get-stream-6.0.1.tgz"

human-signals@^3.0.1:
  version "3.0.1"
  resolved "https://registry.npmjs.org/human-signals/-/human-signals-3.0.1.tgz"

is-stream@^3.0.0:
  version "3.0.0"
  resolved "https://registry.npmjs.org/is-stream/-/is-stream-3.0.0.tgz"

isexe@^2.0.0:
  version "2.0.0"
  resolved "https://registry.npmjs.org/isexe/-/isexe-2.0.0.tgz"

kleur@^4.1.5:
  version "4.1.5"
  resolved "https://registry.npmjs.org/kleur/-/kleur-4.1.5.tgz"

merge-stream@^2.0.0:
  version "2.0.0"
  resolved "https://registry.npmjs.org/merge-stream/-/merge-stream-2.0.0.tgz"

mime-db@1.52.0:
  version "1.52.0"
  resolved "https://registry.npmjs.org/mime-db/-/mime-db-1.52.0.tgz"

mime-types@^2.1.28:
  version "2.1.35"
  resolved "https://registry.npmjs.org/mime-types/-/mime-types-2.1.35.tgz"
  dependencies:
    mime-db "1.52.0"

mimic-fn@^4.0.0:
  version "4.0.0"
  resolved "https://registry.npmjs.org/mimic-fn/-/mimic-fn-4.0.0.tgz"

node-fetch-native@^1.0.1:
  version "1.0.1"
  resolved "https://registry.npmjs.org/node-fetch-native/-/node-fetch-native-1.0.1.tgz"

npm-run-path@^5.1.0:
  version "5.1.0"
  resolved "https://registry.npmjs.org/npm-run-path/-/npm-run-path-5.1.0.tgz"
  dependencies:
    path-key "^4.0.0"

ofetch@^1.0.0:
  version "1.0.0"
  resolved "https://registry.npmjs.org/ofetch/-/ofetch-1.0.0.tgz"
  dependencies:
    destr "^1.2.1"
    node-fetch-native "^1.0.1"
    ufo "^1.0.0"

onetime@^6.0.0:
  version "6.0.0"
  resolved "https://registry.npmjs.org/onetime/-/onetime-6.0.0.tgz"
  dependencies:
    mimic-fn "^4.0.0"

path-key@^3.1.0:
  version "3.1.1"
  resolved "https://registry.npmjs.org/path-key/-/path-key-3.1.1.tgz"

path-key@^4.0.0:
  version "4.0.0"
  resolved "https://registry.npmjs.org/path-key/-/path-key-4.0.0.tgz"

shebang-command@^2.0.0:
  version "2.0.0"
  resolved "https://registry.npmjs.org/shebang-command/-/shebang-command-2.0.0.tgz"
  dependencies:
    shebang-regex "^3.0.0"

shebang-regex@^3.0.0:
  version "3.0.0"
  resolved "https://registry.npmjs.org/shebang-regex/-/shebang-regex-3.0.0.tgz"

signal-exit@^3.0.7:
  version "3.0.7"
  resolved "https://registry.npmjs.org/signal-exit/-/signal-exit-3.0.7.tgz"

strip-final-newline@^3.0.0:
  version "3.0.0"
  resolved "https://registry.npmjs.org/strip-final-newline/-/strip-final-newline-3.0.0.tgz"

tunnel@^0.0.6:
  version "0.0.6"
  resolved "https://registry.npmjs.org/tunnel/-/tunnel-0.0.6.tgz"

typescript@^4.8.2:
  version "4.8.2"
  resolved "https://registry.npmjs.org/typescript/-/typescript-4.8.2.tgz"

ufo@^1.0.0:
  version "1.0.0"
  resolved "https://registry.npmjs.org/ufo/-/ufo-1.0.0.tgz"

uuid@^8.3.2:
  version "8.3.2"
  resolved "https://registry.npmjs.org/uuid/-/uuid-8.3.2.tgz"

which@^2.0.1:
  version "2.0.2"
  resolved "https://registry.npmjs.org/which/-/which-2.0.2.tgz"
  dependencies:
    isexe "^2.0.0"
